
Microsoft Visual Studio Solution File, Format Version 12.00
# Visual Studio 15
Project("{FAE04EC0-301F-11D3-BF4B-00C04F79EFBC}") = "Assembly-CSharp-firstpass", "Assembly-CSharp-firstpass.csproj", "{6A2F10FE-0898-9C1C-9897-D62F3A6958CF}"
EndProject
Project("{FAE04EC0-301F-11D3-BF4B-00C04F79EFBC}") = "AllIn1SpriteShaderAssembly", "AllIn1SpriteShaderAssembly.csproj", "{7397A918-0AD8-439D-C0BF-95A0FB5D02CE}"
EndProject
Project("{FAE04EC0-301F-11D3-BF4B-00C04F79EFBC}") = "Assembly-CSharp", "Assembly-CSharp.csproj", "{32C3BDE6-E125-3128-82C1-25D0441455A3}"
EndProject
Project("{FAE04EC0-301F-11D3-BF4B-00C04F79EFBC}") = "Sirenix.OdinInspector.Modules.UnityMathematics", "Sirenix.OdinInspector.Modules.UnityMathematics.csproj", "{A0F60EA5-1DDC-C14A-3A13-253E411200EE}"
EndProject
Global
	GlobalSection(SolutionConfigurationPlatforms) = preSolution
		Debug|Any CPU = Debug|Any CPU
		Release|Any CPU = Release|Any CPU
	EndGlobalSection
	GlobalSection(ProjectConfigurationPlatforms) = postSolution
		{6A2F10FE-0898-9C1C-9897-D62F3A6958CF}.Debug|Any CPU.ActiveCfg = Debug|Any CPU
		{6A2F10FE-0898-9C1C-9897-D62F3A6958CF}.Debug|Any CPU.Build.0 = Debug|Any CPU
		{6A2F10FE-0898-9C1C-9897-D62F3A6958CF}.Release|Any CPU.ActiveCfg = Release|Any CPU
		{6A2F10FE-0898-9C1C-9897-D62F3A6958CF}.Release|Any CPU.Build.0 = Release|Any CPU
		{7397A918-0AD8-439D-C0BF-95A0FB5D02CE}.Debug|Any CPU.ActiveCfg = Debug|Any CPU
		{7397A918-0AD8-439D-C0BF-95A0FB5D02CE}.Debug|Any CPU.Build.0 = Debug|Any CPU
		{7397A918-0AD8-439D-C0BF-95A0FB5D02CE}.Release|Any CPU.ActiveCfg = Release|Any CPU
		{7397A918-0AD8-439D-C0BF-95A0FB5D02CE}.Release|Any CPU.Build.0 = Release|Any CPU
		{32C3BDE6-E125-3128-82C1-25D0441455A3}.Debug|Any CPU.ActiveCfg = Debug|Any CPU
		{32C3BDE6-E125-3128-82C1-25D0441455A3}.Debug|Any CPU.Build.0 = Debug|Any CPU
		{32C3BDE6-E125-3128-82C1-25D0441455A3}.Release|Any CPU.ActiveCfg = Release|Any CPU
		{32C3BDE6-E125-3128-82C1-25D0441455A3}.Release|Any CPU.Build.0 = Release|Any CPU
		{A0F60EA5-1DDC-C14A-3A13-253E411200EE}.Debug|Any CPU.ActiveCfg = Debug|Any CPU
		{A0F60EA5-1DDC-C14A-3A13-253E411200EE}.Debug|Any CPU.Build.0 = Debug|Any CPU
		{A0F60EA5-1DDC-C14A-3A13-253E411200EE}.Release|Any CPU.ActiveCfg = Release|Any CPU
		{A0F60EA5-1DDC-C14A-3A13-253E411200EE}.Release|Any CPU.Build.0 = Release|Any CPU
	EndGlobalSection
	GlobalSection(SolutionProperties) = preSolution
		HideSolutionNode = FALSE
	EndGlobalSection
EndGlobal
